
Microsoft Visual Studio Solution File, Format Version 12.00
# Visual Studio Version 17
VisualStudioVersion = 17.0.31903.59
MinimumVisualStudioVersion = 10.0.40219.1
Project("{FAE04EC0-301F-11D3-BF4B-00C04F79EFBC}") = "GameCollection.App", "GameCollection\GameCollection.App.csproj", "{C65F829D-F3F4-440D-A927-7024939F44B0}"
EndProject
Project("{FAE04EC0-301F-11D3-BF4B-00C04F79EFBC}") = "GameCollection.CoinFlipper", "GameCollection.CoinFlipper\GameCollection.CoinFlipper.csproj", "{FE0B5867-D021-4A37-91CF-30212A54206C}"
EndProject
Project("{FAE04EC0-301F-11D3-BF4B-00C04F79EFBC}") = "GameCollection.Guessing", "GameCollection.Guessing\GameCollection.Guessing.csproj", "{CFAA594C-3EB4-41D9-B878-9EBA451EA7EE}"
EndProject
Global
	GlobalSection(SolutionConfigurationPlatforms) = preSolution
		Debug|Any CPU = Debug|Any CPU
		Release|Any CPU = Release|Any CPU
	EndGlobalSection
	GlobalSection(ProjectConfigurationPlatforms) = postSolution
		{C65F829D-F3F4-440D-A927-7024939F44B0}.Debug|Any CPU.ActiveCfg = Debug|Any CPU
		{C65F829D-F3F4-440D-A927-7024939F44B0}.Debug|Any CPU.Build.0 = Debug|Any CPU
		{C65F829D-F3F4-440D-A927-7024939F44B0}.Release|Any CPU.ActiveCfg = Release|Any CPU
		{C65F829D-F3F4-440D-A927-7024939F44B0}.Release|Any CPU.Build.0 = Release|Any CPU
		{FE0B5867-D021-4A37-91CF-30212A54206C}.Debug|Any CPU.ActiveCfg = Debug|Any CPU
		{FE0B5867-D021-4A37-91CF-30212A54206C}.Debug|Any CPU.Build.0 = Debug|Any CPU
		{FE0B5867-D021-4A37-91CF-30212A54206C}.Release|Any CPU.ActiveCfg = Release|Any CPU
		{FE0B5867-D021-4A37-91CF-30212A54206C}.Release|Any CPU.Build.0 = Release|Any CPU
		{CFAA594C-3EB4-41D9-B878-9EBA451EA7EE}.Debug|Any CPU.ActiveCfg = Debug|Any CPU
		{CFAA594C-3EB4-41D9-B878-9EBA451EA7EE}.Debug|Any CPU.Build.0 = Debug|Any CPU
		{CFAA594C-3EB4-41D9-B878-9EBA451EA7EE}.Release|Any CPU.ActiveCfg = Release|Any CPU
		{CFAA594C-3EB4-41D9-B878-9EBA451EA7EE}.Release|Any CPU.Build.0 = Release|Any CPU
	EndGlobalSection
	GlobalSection(SolutionProperties) = preSolution
		HideSolutionNode = FALSE
	EndGlobalSection
	GlobalSection(ExtensibilityGlobals) = postSolution
		SolutionGuid = {4470E0DE-B63C-46CE-982F-942BE9D65F02}
	EndGlobalSection
EndGlobal
