
Microsoft Visual Studio Solution File, Format Version 12.00
# Visual Studio Version 17
VisualStudioVersion = 17.3.32929.385
MinimumVisualStudioVersion = 10.0.40219.1
Project("{FAE04EC0-301F-11D3-BF4B-00C04F79EFBC}") = "MinApi", "MinApi\MinApi.csproj", "{193004F8-7E10-4693-AE3C-A9E4C4FFBCA8}"
EndProject
Global
	GlobalSection(SolutionConfigurationPlatforms) = preSolution
		Debug|Any CPU = Debug|Any CPU
		Release|Any CPU = Release|Any CPU
	EndGlobalSection
	GlobalSection(ProjectConfigurationPlatforms) = postSolution
		{193004F8-7E10-4693-AE3C-A9E4C4FFBCA8}.Debug|Any CPU.ActiveCfg = Debug|Any CPU
		{193004F8-7E10-4693-AE3C-A9E4C4FFBCA8}.Debug|Any CPU.Build.0 = Debug|Any CPU
		{193004F8-7E10-4693-AE3C-A9E4C4FFBCA8}.Release|Any CPU.ActiveCfg = Release|Any CPU
		{193004F8-7E10-4693-AE3C-A9E4C4FFBCA8}.Release|Any CPU.Build.0 = Release|Any CPU
	EndGlobalSection
	GlobalSection(SolutionProperties) = preSolution
		HideSolutionNode = FALSE
	EndGlobalSection
	GlobalSection(ExtensibilityGlobals) = postSolution
		SolutionGuid = {F8C61A12-79EE-44DB-85F2-D0E1BF905A9E}
	EndGlobalSection
EndGlobal
